
Microsoft Visual Studio Solution File, Format Version 12.00
# Visual Studio Version 17
VisualStudioVersion = 17.0.31903.59
MinimumVisualStudioVersion = 10.0.40219.1
Project("{2150E333-8FDC-42A3-9474-1A3956D46DE8}") = "src", "src", "{827E0CD3-B72D-47B6-A68D-7590B98EB39B}"
EndProject
Project("{FAE04EC0-301F-11D3-BF4B-00C04F79EFBC}") = "Tidverk.App", "src\Tidverk.App\Tidverk.App.csproj", "{C84B2F6A-12E4-48D6-908B-3D3459EC2553}"
EndProject
Project("{FAE04EC0-301F-11D3-BF4B-00C04F79EFBC}") = "Tidverk.Core", "src\Tidverk.Core\Tidverk.Core.csproj", "{F8B45F7E-0381-41CD-949F-6DCFD7DB3E37}"
EndProject
Project("{FAE04EC0-301F-11D3-BF4B-00C04F79EFBC}") = "Tidverk.Infrastructure", "src\Tidverk.Infrastructure\Tidverk.Infrastructure.csproj", "{19EAF570-5D08-476E-8808-54A0FC818087}"
EndProject
Project("{2150E333-8FDC-42A3-9474-1A3956D46DE8}") = "tests", "tests", "{0AB3BF05-4346-4AA6-1389-037BE0695223}"
EndProject
Project("{FAE04EC0-301F-11D3-BF4B-00C04F79EFBC}") = "Tidverk.App.Tests", "tests\Tidverk.App.Tests\Tidverk.App.Tests.csproj", "{70B7A912-5A16-4918-BEC2-0EF1966E5B30}"
EndProject
Project("{FAE04EC0-301F-11D3-BF4B-00C04F79EFBC}") = "Tidverk.Core.Tests", "tests\Tidverk.Core.Tests\Tidverk.Core.Tests.csproj", "{8CE400CD-89CB-45FF-B9CD-3E5507B26E68}"
EndProject
Project("{FAE04EC0-301F-11D3-BF4B-00C04F79EFBC}") = "Tidverk.Infrastructure.Tests", "tests\Tidverk.Infrastructure.Tests\Tidverk.Infrastructure.Tests.csproj", "{B80E41B9-F7B7-4FE7-B5F0-19A8692051EE}"
EndProject
Project("{2150E333-8FDC-42A3-9474-1A3956D46DE8}") = "tools", "tools", "{07C2787E-EAC7-C090-1BA3-A61EC2A24D84}"
EndProject
Project("{FAE04EC0-301F-11D3-BF4B-00C04F79EFBC}") = "Tidverk.TaxTableImporter", "tools\Tidverk.TaxTableImporter\Tidverk.TaxTableImporter.csproj", "{6DE1F941-FD70-47CA-9161-4309F8B4C049}"
EndProject
Global
	GlobalSection(SolutionConfigurationPlatforms) = preSolution
		Debug|Any CPU = Debug|Any CPU
		Debug|x64 = Debug|x64
		Debug|x86 = Debug|x86
		Release|Any CPU = Release|Any CPU
		Release|x64 = Release|x64
		Release|x86 = Release|x86
	EndGlobalSection
	GlobalSection(ProjectConfigurationPlatforms) = postSolution
		{C84B2F6A-12E4-48D6-908B-3D3459EC2553}.Debug|Any CPU.ActiveCfg = Debug|Any CPU
		{C84B2F6A-12E4-48D6-908B-3D3459EC2553}.Debug|Any CPU.Build.0 = Debug|Any CPU
		{C84B2F6A-12E4-48D6-908B-3D3459EC2553}.Debug|x64.ActiveCfg = Debug|Any CPU
		{C84B2F6A-12E4-48D6-908B-3D3459EC2553}.Debug|x64.Build.0 = Debug|Any CPU
		{C84B2F6A-12E4-48D6-908B-3D3459EC2553}.Debug|x86.ActiveCfg = Debug|Any CPU
		{C84B2F6A-12E4-48D6-908B-3D3459EC2553}.Debug|x86.Build.0 = Debug|Any CPU
		{C84B2F6A-12E4-48D6-908B-3D3459EC2553}.Release|Any CPU.ActiveCfg = Release|Any CPU
		{C84B2F6A-12E4-48D6-908B-3D3459EC2553}.Release|Any CPU.Build.0 = Release|Any CPU
		{C84B2F6A-12E4-48D6-908B-3D3459EC2553}.Release|x64.ActiveCfg = Release|Any CPU
		{C84B2F6A-12E4-48D6-908B-3D3459EC2553}.Release|x64.Build.0 = Release|Any CPU
		{C84B2F6A-12E4-48D6-908B-3D3459EC2553}.Release|x86.ActiveCfg = Release|Any CPU
		{C84B2F6A-12E4-48D6-908B-3D3459EC2553}.Release|x86.Build.0 = Release|Any CPU
		{F8B45F7E-0381-41CD-949F-6DCFD7DB3E37}.Debug|Any CPU.ActiveCfg = Debug|Any CPU
		{F8B45F7E-0381-41CD-949F-6DCFD7DB3E37}.Debug|Any CPU.Build.0 = Debug|Any CPU
		{F8B45F7E-0381-41CD-949F-6DCFD7DB3E37}.Debug|x64.ActiveCfg = Debug|Any CPU
		{F8B45F7E-0381-41CD-949F-6DCFD7DB3E37}.Debug|x64.Build.0 = Debug|Any CPU
		{F8B45F7E-0381-41CD-949F-6DCFD7DB3E37}.Debug|x86.ActiveCfg = Debug|Any CPU
		{F8B45F7E-0381-41CD-949F-6DCFD7DB3E37}.Debug|x86.Build.0 = Debug|Any CPU
		{F8B45F7E-0381-41CD-949F-6DCFD7DB3E37}.Release|Any CPU.ActiveCfg = Release|Any CPU
		{F8B45F7E-0381-41CD-949F-6DCFD7DB3E37}.Release|Any CPU.Build.0 = Release|Any CPU
		{F8B45F7E-0381-41CD-949F-6DCFD7DB3E37}.Release|x64.ActiveCfg = Release|Any CPU
		{F8B45F7E-0381-41CD-949F-6DCFD7DB3E37}.Release|x64.Build.0 = Release|Any CPU
		{F8B45F7E-0381-41CD-949F-6DCFD7DB3E37}.Release|x86.ActiveCfg = Release|Any CPU
		{F8B45F7E-0381-41CD-949F-6DCFD7DB3E37}.Release|x86.Build.0 = Release|Any CPU
		{19EAF570-5D08-476E-8808-54A0FC818087}.Debug|Any CPU.ActiveCfg = Debug|Any CPU
		{19EAF570-5D08-476E-8808-54A0FC818087}.Debug|Any CPU.Build.0 = Debug|Any CPU
		{19EAF570-5D08-476E-8808-54A0FC818087}.Debug|x64.ActiveCfg = Debug|Any CPU
		{19EAF570-5D08-476E-8808-54A0FC818087}.Debug|x64.Build.0 = Debug|Any CPU
		{19EAF570-5D08-476E-8808-54A0FC818087}.Debug|x86.ActiveCfg = Debug|Any CPU
		{19EAF570-5D08-476E-8808-54A0FC818087}.Debug|x86.Build.0 = Debug|Any CPU
		{19EAF570-5D08-476E-8808-54A0FC818087}.Release|Any CPU.ActiveCfg = Release|Any CPU
		{19EAF570-5D08-476E-8808-54A0FC818087}.Release|Any CPU.Build.0 = Release|Any CPU
		{19EAF570-5D08-476E-8808-54A0FC818087}.Release|x64.ActiveCfg = Release|Any CPU
		{19EAF570-5D08-476E-8808-54A0FC818087}.Release|x64.Build.0 = Release|Any CPU
		{19EAF570-5D08-476E-8808-54A0FC818087}.Release|x86.ActiveCfg = Release|Any CPU
		{19EAF570-5D08-476E-8808-54A0FC818087}.Release|x86.Build.0 = Release|Any CPU
		{70B7A912-5A16-4918-BEC2-0EF1966E5B30}.Debug|Any CPU.ActiveCfg = Debug|Any CPU
		{70B7A912-5A16-4918-BEC2-0EF1966E5B30}.Debug|Any CPU.Build.0 = Debug|Any CPU
		{70B7A912-5A16-4918-BEC2-0EF1966E5B30}.Debug|x64.ActiveCfg = Debug|Any CPU
		{70B7A912-5A16-4918-BEC2-0EF1966E5B30}.Debug|x64.Build.0 = Debug|Any CPU
		{70B7A912-5A16-4918-BEC2-0EF1966E5B30}.Debug|x86.ActiveCfg = Debug|Any CPU
		{70B7A912-5A16-4918-BEC2-0EF1966E5B30}.Debug|x86.Build.0 = Debug|Any CPU
		{70B7A912-5A16-4918-BEC2-0EF1966E5B30}.Release|Any CPU.ActiveCfg = Release|Any CPU
		{70B7A912-5A16-4918-BEC2-0EF1966E5B30}.Release|Any CPU.Build.0 = Release|Any CPU
		{70B7A912-5A16-4918-BEC2-0EF1966E5B30}.Release|x64.ActiveCfg = Release|Any CPU
		{70B7A912-5A16-4918-BEC2-0EF1966E5B30}.Release|x64.Build.0 = Release|Any CPU
		{70B7A912-5A16-4918-BEC2-0EF1966E5B30}.Release|x86.ActiveCfg = Release|Any CPU
		{70B7A912-5A16-4918-BEC2-0EF1966E5B30}.Release|x86.Build.0 = Release|Any CPU
		{8CE400CD-89CB-45FF-B9CD-3E5507B26E68}.Debug|Any CPU.ActiveCfg = Debug|Any CPU
		{8CE400CD-89CB-45FF-B9CD-3E5507B26E68}.Debug|Any CPU.Build.0 = Debug|Any CPU
		{8CE400CD-89CB-45FF-B9CD-3E5507B26E68}.Debug|x64.ActiveCfg = Debug|Any CPU
		{8CE400CD-89CB-45FF-B9CD-3E5507B26E68}.Debug|x64.Build.0 = Debug|Any CPU
		{8CE400CD-89CB-45FF-B9CD-3E5507B26E68}.Debug|x86.ActiveCfg = Debug|Any CPU
		{8CE400CD-89CB-45FF-B9CD-3E5507B26E68}.Debug|x86.Build.0 = Debug|Any CPU
		{8CE400CD-89CB-45FF-B9CD-3E5507B26E68}.Release|Any CPU.ActiveCfg = Release|Any CPU
		{8CE400CD-89CB-45FF-B9CD-3E5507B26E68}.Release|Any CPU.Build.0 = Release|Any CPU
		{8CE400CD-89CB-45FF-B9CD-3E5507B26E68}.Release|x64.ActiveCfg = Release|Any CPU
		{8CE400CD-89CB-45FF-B9CD-3E5507B26E68}.Release|x64.Build.0 = Release|Any CPU
		{8CE400CD-89CB-45FF-B9CD-3E5507B26E68}.Release|x86.ActiveCfg = Release|Any CPU
		{8CE400CD-89CB-45FF-B9CD-3E5507B26E68}.Release|x86.Build.0 = Release|Any CPU
		{B80E41B9-F7B7-4FE7-B5F0-19A8692051EE}.Debug|Any CPU.ActiveCfg = Debug|Any CPU
		{B80E41B9-F7B7-4FE7-B5F0-19A8692051EE}.Debug|Any CPU.Build.0 = Debug|Any CPU
		{B80E41B9-F7B7-4FE7-B5F0-19A8692051EE}.Debug|x64.ActiveCfg = Debug|Any CPU
		{B80E41B9-F7B7-4FE7-B5F0-19A8692051EE}.Debug|x64.Build.0 = Debug|Any CPU
		{B80E41B9-F7B7-4FE7-B5F0-19A8692051EE}.Debug|x86.ActiveCfg = Debug|Any CPU
		{B80E41B9-F7B7-4FE7-B5F0-19A8692051EE}.Debug|x86.Build.0 = Debug|Any CPU
		{B80E41B9-F7B7-4FE7-B5F0-19A8692051EE}.Release|Any CPU.ActiveCfg = Release|Any CPU
		{B80E41B9-F7B7-4FE7-B5F0-19A8692051EE}.Release|Any CPU.Build.0 = Release|Any CPU
		{B80E41B9-F7B7-4FE7-B5F0-19A8692051EE}.Release|x64.ActiveCfg = Release|Any CPU
		{B80E41B9-F7B7-4FE7-B5F0-19A8692051EE}.Release|x64.Build.0 = Release|Any CPU
		{B80E41B9-F7B7-4FE7-B5F0-19A8692051EE}.Release|x86.ActiveCfg = Release|Any CPU
		{B80E41B9-F7B7-4FE7-B5F0-19A8692051EE}.Release|x86.Build.0 = Release|Any CPU
		{6DE1F941-FD70-47CA-9161-4309F8B4C049}.Debug|Any CPU.ActiveCfg = Debug|Any CPU
		{6DE1F941-FD70-47CA-9161-4309F8B4C049}.Debug|Any CPU.Build.0 = Debug|Any CPU
		{6DE1F941-FD70-47CA-9161-4309F8B4C049}.Debug|x64.ActiveCfg = Debug|Any CPU
		{6DE1F941-FD70-47CA-9161-4309F8B4C049}.Debug|x64.Build.0 = Debug|Any CPU
		{6DE1F941-FD70-47CA-9161-4309F8B4C049}.Debug|x86.ActiveCfg = Debug|Any CPU
		{6DE1F941-FD70-47CA-9161-4309F8B4C049}.Debug|x86.Build.0 = Debug|Any CPU
		{6DE1F941-FD70-47CA-9161-4309F8B4C049}.Release|Any CPU.ActiveCfg = Release|Any CPU
		{6DE1F941-FD70-47CA-9161-4309F8B4C049}.Release|Any CPU.Build.0 = Release|Any CPU
		{6DE1F941-FD70-47CA-9161-4309F8B4C049}.Release|x64.ActiveCfg = Release|Any CPU
		{6DE1F941-FD70-47CA-9161-4309F8B4C049}.Release|x64.Build.0 = Release|Any CPU
		{6DE1F941-FD70-47CA-9161-4309F8B4C049}.Release|x86.ActiveCfg = Release|Any CPU
		{6DE1F941-FD70-47CA-9161-4309F8B4C049}.Release|x86.Build.0 = Release|Any CPU
	EndGlobalSection
	GlobalSection(SolutionProperties) = preSolution
		HideSolutionNode = FALSE
	EndGlobalSection
	GlobalSection(NestedProjects) = preSolution
		{C84B2F6A-12E4-48D6-908B-3D3459EC2553} = {827E0CD3-B72D-47B6-A68D-7590B98EB39B}
		{F8B45F7E-0381-41CD-949F-6DCFD7DB3E37} = {827E0CD3-B72D-47B6-A68D-7590B98EB39B}
		{19EAF570-5D08-476E-8808-54A0FC818087} = {827E0CD3-B72D-47B6-A68D-7590B98EB39B}
		{70B7A912-5A16-4918-BEC2-0EF1966E5B30} = {0AB3BF05-4346-4AA6-1389-037BE0695223}
		{8CE400CD-89CB-45FF-B9CD-3E5507B26E68} = {0AB3BF05-4346-4AA6-1389-037BE0695223}
		{B80E41B9-F7B7-4FE7-B5F0-19A8692051EE} = {0AB3BF05-4346-4AA6-1389-037BE0695223}
		{6DE1F941-FD70-47CA-9161-4309F8B4C049} = {07C2787E-EAC7-C090-1BA3-A61EC2A24D84}
	EndGlobalSection
EndGlobal
